# This file is autogenerated, do not edit; changes may be undone by the next 'dep ensure'.


[[projects]]
  branch = "master"
  name = "github.com/GeertJohan/go.rice"
  packages = [".","embedded"]
  revision = "c02ca9a983da5807ddf7d796784928f5be4afd09"

[[projects]]
  branch = "master"
  name = "github.com/bitrise-io/go-utils"
  packages = ["builtinutil","readerutil","testutil"]
  revision = "40d129e4d39a634f03a953f0585794448350add1"

[[projects]]
  branch = "master"
  name = "github.com/daaku/go.zipexe"
  packages = ["."]
  revision = "a5fe2436ffcb3236e175e5149162b41cd28bd27d"

[[projects]]
  name = "github.com/davecgh/go-spew"
  packages = ["spew"]
  revision = "346938d642f2ec3594ed81d874461961cd0faa76"
  version = "v1.1.0"

[[projects]]
  name = "github.com/inconshreveable/mousetrap"
  packages = ["."]
  revision = "76626ae9c91c4f2a10f34cad8ce83ea42c93bb75"
  version = "v1.0"

[[projects]]
  branch = "master"
  name = "github.com/kardianos/osext"
  packages = ["."]
  revision = "ae77be60afb1dcacde03767a8c37337fad28ac14"

[[projects]]
  name = "github.com/pmezard/go-difflib"
  packages = ["difflib"]
  revision = "792786c7400a136282c1664665ae0a8db921c6c2"
  version = "v1.0.0"

[[projects]]
  name = "github.com/spf13/cobra"
  packages = ["."]
  revision = "7b2c5ac9fc04fc5efafb60700713d4fa609b777b"
  version = "v0.0.1"

[[projects]]
  name = "github.com/spf13/pflag"
  packages = ["."]
  revision = "e57e3eeb33f795204c1ca35f56c44f83227c6e66"
  version = "v1.0.0"

[[projects]]
  name = "github.com/stretchr/testify"
  packages = ["assert","require"]
  revision = "69483b4bd14f5845b5a1e55bca19e954e827f1d0"
  version = "v1.1.4"

[solve-meta]
  analyzer-name = "dep"
  analyzer-version = 1
  inputs-digest = "e4ff78587c2bc2490b298ae4b68e1eeffd87aff209a66f6be47d30a1e9f4eaeb"
  solver-name = "gps-cdcl"
  solver-version = 1
